{
    "name": "bike-game-data-editor",
    "version": "1.0.0",
    "lockfileVersion": 3,
    "requires": true,
    "packages": {
        "": {
            "name": "bike-game-data-editor",
            "version": "1.0.0",
            "hasInstallScript": true,
            "dependencies": {
                "ejs": "^3.1.10",
                "fs-extra": "^10.0.0",
                "node-xlsx": "^0.24.0",
                "typescript": "^5.4.5",
                "vue": "^3.1.4"
            },
            "devDependencies": {
                "@cocos/creator-types": "^3.8.2",
                "@types/ejs": "^3.1.5",
                "@types/fs-extra": "^9.0.5",
                "@types/node": "^18.17.1"
            }
        },
        "node_modules/@babel/parser": {
            "version": "7.24.5",
            "resolved": "https://registry.npmmirror.com/@babel/parser/-/parser-7.24.5.tgz",
            "integrity": "sha512-EOv5IK8arwh3LI47dz1b0tKUb/1uhHAnHJOrjgtQMIpu1uXd9mlFrJg9IUgGUgZ41Ch0K8REPTYpO7B76b4vJg==",
            "bin": {
                "parser": "bin/babel-parser.js"
            },
            "engines": {
                "node": ">=6.0.0"
            }
        },
        "node_modules/@cocos/creator-types": {
            "version": "3.8.3",
            "resolved": "https://registry.npmmirror.com/@cocos/creator-types/-/creator-types-3.8.3.tgz",
            "integrity": "sha512-dVAgORX+dWzINdM6gGOcgFNbFXUItEv9Dg2DCWWPHN1qMHaqUe1h+hslcIsJK9OxgOcmS6Lh9FZcklfXn5jkOQ==",
            "dev": true
        },
        "node_modules/@jridgewell/sourcemap-codec": {
            "version": "1.4.15",
            "resolved": "https://registry.npmmirror.com/@jridgewell/sourcemap-codec/-/sourcemap-codec-1.4.15.tgz",
            "integrity": "sha512-eF2rxCRulEKXHTRiDrDy6erMYWqNw4LPdQ8UQA4huuxaQsVeRPFl2oM8oDGxMFhJUWZf9McpLtJasDDZb/Bpeg=="
        },
        "node_modules/@types/ejs": {
            "version": "3.1.5",
            "resolved": "https://registry.npmmirror.com/@types/ejs/-/ejs-3.1.5.tgz",
            "integrity": "sha512-nv+GSx77ZtXiJzwKdsASqi+YQ5Z7vwHsTP0JY2SiQgjGckkBRKZnk8nIM+7oUZ1VCtuTz0+By4qVR7fqzp/Dfg==",
            "dev": true
        },
        "node_modules/@types/fs-extra": {
            "version": "9.0.13",
            "resolved": "https://registry.npmmirror.com/@types/fs-extra/-/fs-extra-9.0.13.tgz",
            "integrity": "sha512-nEnwB++1u5lVDM2UI4c1+5R+FYaKfaAzS4OococimjVm3nQw3TuzH5UNsocrcTBbhnerblyHj4A49qXbIiZdpA==",
            "dev": true,
            "dependencies": {
                "@types/node": "*"
            }
        },
        "node_modules/@types/node": {
            "version": "18.19.32",
            "resolved": "https://registry.npmmirror.com/@types/node/-/node-18.19.32.tgz",
            "integrity": "sha512-2bkg93YBSDKk8DLmmHnmj/Rwr18TLx7/n+I23BigFwgexUJoMHZOd8X1OFxuF/W3NN0S2W2E5sVabI5CPinNvA==",
            "dev": true,
            "dependencies": {
                "undici-types": "~5.26.4"
            }
        },
        "node_modules/@vue/compiler-core": {
            "version": "3.4.27",
            "resolved": "https://registry.npmmirror.com/@vue/compiler-core/-/compiler-core-3.4.27.tgz",
            "integrity": "sha512-E+RyqY24KnyDXsCuQrI+mlcdW3ALND6U7Gqa/+bVwbcpcR3BRRIckFoz7Qyd4TTlnugtwuI7YgjbvsLmxb+yvg==",
            "dependencies": {
                "@babel/parser": "^7.24.4",
                "@vue/shared": "3.4.27",
                "entities": "^4.5.0",
                "estree-walker": "^2.0.2",
                "source-map-js": "^1.2.0"
            }
        },
        "node_modules/@vue/compiler-dom": {
            "version": "3.4.27",
            "resolved": "https://registry.npmmirror.com/@vue/compiler-dom/-/compiler-dom-3.4.27.tgz",
            "integrity": "sha512-kUTvochG/oVgE1w5ViSr3KUBh9X7CWirebA3bezTbB5ZKBQZwR2Mwj9uoSKRMFcz4gSMzzLXBPD6KpCLb9nvWw==",
            "dependencies": {
                "@vue/compiler-core": "3.4.27",
                "@vue/shared": "3.4.27"
            }
        },
        "node_modules/@vue/compiler-sfc": {
            "version": "3.4.27",
            "resolved": "https://registry.npmmirror.com/@vue/compiler-sfc/-/compiler-sfc-3.4.27.tgz",
            "integrity": "sha512-nDwntUEADssW8e0rrmE0+OrONwmRlegDA1pD6QhVeXxjIytV03yDqTey9SBDiALsvAd5U4ZrEKbMyVXhX6mCGA==",
            "dependencies": {
                "@babel/parser": "^7.24.4",
                "@vue/compiler-core": "3.4.27",
                "@vue/compiler-dom": "3.4.27",
                "@vue/compiler-ssr": "3.4.27",
                "@vue/shared": "3.4.27",
                "estree-walker": "^2.0.2",
                "magic-string": "^0.30.10",
                "postcss": "^8.4.38",
                "source-map-js": "^1.2.0"
            }
        },
        "node_modules/@vue/compiler-ssr": {
            "version": "3.4.27",
            "resolved": "https://registry.npmmirror.com/@vue/compiler-ssr/-/compiler-ssr-3.4.27.tgz",
            "integrity": "sha512-CVRzSJIltzMG5FcidsW0jKNQnNRYC8bT21VegyMMtHmhW3UOI7knmUehzswXLrExDLE6lQCZdrhD4ogI7c+vuw==",
            "dependencies": {
                "@vue/compiler-dom": "3.4.27",
                "@vue/shared": "3.4.27"
            }
        },
        "node_modules/@vue/reactivity": {
            "version": "3.4.27",
            "resolved": "https://registry.npmmirror.com/@vue/reactivity/-/reactivity-3.4.27.tgz",
            "integrity": "sha512-kK0g4NknW6JX2yySLpsm2jlunZJl2/RJGZ0H9ddHdfBVHcNzxmQ0sS0b09ipmBoQpY8JM2KmUw+a6sO8Zo+zIA==",
            "dependencies": {
                "@vue/shared": "3.4.27"
            }
        },
        "node_modules/@vue/runtime-core": {
            "version": "3.4.27",
            "resolved": "https://registry.npmmirror.com/@vue/runtime-core/-/runtime-core-3.4.27.tgz",
            "integrity": "sha512-7aYA9GEbOOdviqVvcuweTLe5Za4qBZkUY7SvET6vE8kyypxVgaT1ixHLg4urtOlrApdgcdgHoTZCUuTGap/5WA==",
            "dependencies": {
                "@vue/reactivity": "3.4.27",
                "@vue/shared": "3.4.27"
            }
        },
        "node_modules/@vue/runtime-dom": {
            "version": "3.4.27",
            "resolved": "https://registry.npmmirror.com/@vue/runtime-dom/-/runtime-dom-3.4.27.tgz",
            "integrity": "sha512-ScOmP70/3NPM+TW9hvVAz6VWWtZJqkbdf7w6ySsws+EsqtHvkhxaWLecrTorFxsawelM5Ys9FnDEMt6BPBDS0Q==",
            "dependencies": {
                "@vue/runtime-core": "3.4.27",
                "@vue/shared": "3.4.27",
                "csstype": "^3.1.3"
            }
        },
        "node_modules/@vue/server-renderer": {
            "version": "3.4.27",
            "resolved": "https://registry.npmmirror.com/@vue/server-renderer/-/server-renderer-3.4.27.tgz",
            "integrity": "sha512-dlAMEuvmeA3rJsOMJ2J1kXU7o7pOxgsNHVr9K8hB3ImIkSuBrIdy0vF66h8gf8Tuinf1TK3mPAz2+2sqyf3KzA==",
            "dependencies": {
                "@vue/compiler-ssr": "3.4.27",
                "@vue/shared": "3.4.27"
            },
            "peerDependencies": {
                "vue": "3.4.27"
            }
        },
        "node_modules/@vue/shared": {
            "version": "3.4.27",
            "resolved": "https://registry.npmmirror.com/@vue/shared/-/shared-3.4.27.tgz",
            "integrity": "sha512-DL3NmY2OFlqmYYrzp39yi3LDkKxa5vZVwxWdQ3rG0ekuWscHraeIbnI8t+aZK7qhYqEqWKTUdijadunb9pnrgA=="
        },
        "node_modules/ansi-styles": {
            "version": "4.3.0",
            "resolved": "https://registry.npmmirror.com/ansi-styles/-/ansi-styles-4.3.0.tgz",
            "integrity": "sha512-zbB9rCJAT1rbjiVDb2hqKFHNYLxgtk8NURxZ3IZwD3F6NtxbXZQCnnSi1Lkx+IDohdPlFp222wVALIheZJQSEg==",
            "dependencies": {
                "color-convert": "^2.0.1"
            },
            "engines": {
                "node": ">=8"
            }
        },
        "node_modules/async": {
            "version": "3.2.5",
            "resolved": "https://registry.npmmirror.com/async/-/async-3.2.5.tgz",
            "integrity": "sha512-baNZyqaaLhyLVKm/DlvdW051MSgO6b8eVfIezl9E5PqWxFgzLm/wQntEW4zOytVburDEr0JlALEpdOFwvErLsg=="
        },
        "node_modules/balanced-match": {
            "version": "1.0.2",
            "resolved": "https://registry.npmmirror.com/balanced-match/-/balanced-match-1.0.2.tgz",
            "integrity": "sha512-3oSeUO0TMV67hN1AmbXsK4yaqU7tjiHlbxRDZOpH0KW9+CeX4bRAaX0Anxt0tx2MrpRpWwQaPwIlISEJhYU5Pw=="
        },
        "node_modules/brace-expansion": {
            "version": "1.1.11",
            "resolved": "https://registry.npmmirror.com/brace-expansion/-/brace-expansion-1.1.11.tgz",
            "integrity": "sha512-iCuPHDFgrHX7H2vEI/5xpz07zSHB00TpugqhmYtVmMO6518mCuRMoOYFldEBl0g187ufozdaHgWKcYFb61qGiA==",
            "dependencies": {
                "balanced-match": "^1.0.0",
                "concat-map": "0.0.1"
            }
        },
        "node_modules/chalk": {
            "version": "4.1.2",
            "resolved": "https://registry.npmmirror.com/chalk/-/chalk-4.1.2.tgz",
            "integrity": "sha512-oKnbhFyRIXpUuez8iBMmyEa4nbj4IOQyuhc/wy9kY7/WVPcwIO9VA668Pu8RkO7+0G76SLROeyw9CpQ061i4mA==",
            "dependencies": {
                "ansi-styles": "^4.1.0",
                "supports-color": "^7.1.0"
            },
            "engines": {
                "node": ">=10"
            }
        },
        "node_modules/color-convert": {
            "version": "2.0.1",
            "resolved": "https://registry.npmmirror.com/color-convert/-/color-convert-2.0.1.tgz",
            "integrity": "sha512-RRECPsj7iu/xb5oKYcsFHSppFNnsj/52OVTRKb4zP5onXwVF3zVmmToNcOfGC+CRDpfK/U584fMg38ZHCaElKQ==",
            "dependencies": {
                "color-name": "~1.1.4"
            },
            "engines": {
                "node": ">=7.0.0"
            }
        },
        "node_modules/color-name": {
            "version": "1.1.4",
            "resolved": "https://registry.npmmirror.com/color-name/-/color-name-1.1.4.tgz",
            "integrity": "sha512-dOy+3AuW3a2wNbZHIuMZpTcgjGuLU/uBL/ubcZF9OXbDo8ff4O8yVp5Bf0efS8uEoYo5q4Fx7dY9OgQGXgAsQA=="
        },
        "node_modules/concat-map": {
            "version": "0.0.1",
            "resolved": "https://registry.npmmirror.com/concat-map/-/concat-map-0.0.1.tgz",
            "integrity": "sha512-/Srv4dswyQNBfohGpz9o6Yb3Gz3SrUDqBH5rTuhGR7ahtlbYKnVxw2bCFMRljaA7EXHaXZ8wsHdodFvbkhKmqg=="
        },
        "node_modules/csstype": {
            "version": "3.1.3",
            "resolved": "https://registry.npmmirror.com/csstype/-/csstype-3.1.3.tgz",
            "integrity": "sha512-M1uQkMl8rQK/szD0LNhtqxIPLpimGm8sOBwU7lLnCpSbTyY3yeU1Vc7l4KT5zT4s/yOxHH5O7tIuuLOCnLADRw=="
        },
        "node_modules/ejs": {
            "version": "3.1.10",
            "resolved": "https://registry.npmmirror.com/ejs/-/ejs-3.1.10.tgz",
            "integrity": "sha512-UeJmFfOrAQS8OJWPZ4qtgHyWExa088/MtK5UEyoJGFH67cDEXkZSviOiKRCZ4Xij0zxI3JECgYs3oKx+AizQBA==",
            "dependencies": {
                "jake": "^10.8.5"
            },
            "bin": {
                "ejs": "bin/cli.js"
            },
            "engines": {
                "node": ">=0.10.0"
            }
        },
        "node_modules/entities": {
            "version": "4.5.0",
            "resolved": "https://registry.npmmirror.com/entities/-/entities-4.5.0.tgz",
            "integrity": "sha512-V0hjH4dGPh9Ao5p0MoRY6BVqtwCjhz6vI5LT8AJ55H+4g9/4vbHx1I54fS0XuclLhDHArPQCiMjDxjaL8fPxhw==",
            "engines": {
                "node": ">=0.12"
            }
        },
        "node_modules/estree-walker": {
            "version": "2.0.2",
            "resolved": "https://registry.npmmirror.com/estree-walker/-/estree-walker-2.0.2.tgz",
            "integrity": "sha512-Rfkk/Mp/DL7JVje3u18FxFujQlTNR2q6QfMSMB7AvCBx91NGj/ba3kCfza0f6dVDbw7YlRf/nDrn7pQrCCyQ/w=="
        },
        "node_modules/filelist": {
            "version": "1.0.4",
            "resolved": "https://registry.npmmirror.com/filelist/-/filelist-1.0.4.tgz",
            "integrity": "sha512-w1cEuf3S+DrLCQL7ET6kz+gmlJdbq9J7yXCSjK/OZCPA+qEN1WyF4ZAf0YYJa4/shHJra2t/d/r8SV4Ji+x+8Q==",
            "dependencies": {
                "minimatch": "^5.0.1"
            }
        },
        "node_modules/filelist/node_modules/brace-expansion": {
            "version": "2.0.1",
            "resolved": "https://registry.npmmirror.com/brace-expansion/-/brace-expansion-2.0.1.tgz",
            "integrity": "sha512-XnAIvQ8eM+kC6aULx6wuQiwVsnzsi9d3WxzV3FpWTGA19F621kwdbsAcFKXgKUHZWsy+mY6iL1sHTxWEFCytDA==",
            "dependencies": {
                "balanced-match": "^1.0.0"
            }
        },
        "node_modules/filelist/node_modules/minimatch": {
            "version": "5.1.6",
            "resolved": "https://registry.npmmirror.com/minimatch/-/minimatch-5.1.6.tgz",
            "integrity": "sha512-lKwV/1brpG6mBUFHtb7NUmtABCb2WZZmm2wNiOA5hAb8VdCS4B3dtMWyvcoViccwAW/COERjXLt0zP1zXUN26g==",
            "dependencies": {
                "brace-expansion": "^2.0.1"
            },
            "engines": {
                "node": ">=10"
            }
        },
        "node_modules/fs-extra": {
            "version": "10.1.0",
            "resolved": "https://registry.npmmirror.com/fs-extra/-/fs-extra-10.1.0.tgz",
            "integrity": "sha512-oRXApq54ETRj4eMiFzGnHWGy+zo5raudjuxN0b8H7s/RU2oW0Wvsx9O0ACRN/kRq9E8Vu/ReskGB5o3ji+FzHQ==",
            "dependencies": {
                "graceful-fs": "^4.2.0",
                "jsonfile": "^6.0.1",
                "universalify": "^2.0.0"
            },
            "engines": {
                "node": ">=12"
            }
        },
        "node_modules/graceful-fs": {
            "version": "4.2.11",
            "resolved": "https://registry.npmmirror.com/graceful-fs/-/graceful-fs-4.2.11.tgz",
            "integrity": "sha512-RbJ5/jmFcNNCcDV5o9eTnBLJ/HszWV0P73bc+Ff4nS/rJj+YaS6IGyiOL0VoBYX+l1Wrl3k63h/KrH+nhJ0XvQ=="
        },
        "node_modules/has-flag": {
            "version": "4.0.0",
            "resolved": "https://registry.npmmirror.com/has-flag/-/has-flag-4.0.0.tgz",
            "integrity": "sha512-EykJT/Q1KjTWctppgIAgfSO0tKVuZUjhgMr17kqTumMl6Afv3EISleU7qZUzoXDFTAHTDC4NOoG/ZxU3EvlMPQ==",
            "engines": {
                "node": ">=8"
            }
        },
        "node_modules/jake": {
            "version": "10.9.1",
            "resolved": "https://registry.npmmirror.com/jake/-/jake-10.9.1.tgz",
            "integrity": "sha512-61btcOHNnLnsOdtLgA5efqQWjnSi/vow5HbI7HMdKKWqvrKR1bLK3BPlJn9gcSaP2ewuamUSMB5XEy76KUIS2w==",
            "dependencies": {
                "async": "^3.2.3",
                "chalk": "^4.0.2",
                "filelist": "^1.0.4",
                "minimatch": "^3.1.2"
            },
            "bin": {
                "jake": "bin/cli.js"
            },
            "engines": {
                "node": ">=10"
            }
        },
        "node_modules/jsonfile": {
            "version": "6.1.0",
            "resolved": "https://registry.npmmirror.com/jsonfile/-/jsonfile-6.1.0.tgz",
            "integrity": "sha512-5dgndWOriYSm5cnYaJNhalLNDKOqFwyDB/rr1E9ZsGciGvKPs8R2xYGCacuf3z6K1YKDz182fd+fY3cn3pMqXQ==",
            "dependencies": {
                "universalify": "^2.0.0"
            },
            "optionalDependencies": {
                "graceful-fs": "^4.1.6"
            }
        },
        "node_modules/magic-string": {
            "version": "0.30.10",
            "resolved": "https://registry.npmmirror.com/magic-string/-/magic-string-0.30.10.tgz",
            "integrity": "sha512-iIRwTIf0QKV3UAnYK4PU8uiEc4SRh5jX0mwpIwETPpHdhVM4f53RSwS/vXvN1JhGX+Cs7B8qIq3d6AH49O5fAQ==",
            "dependencies": {
                "@jridgewell/sourcemap-codec": "^1.4.15"
            }
        },
        "node_modules/minimatch": {
            "version": "3.1.2",
            "resolved": "https://registry.npmmirror.com/minimatch/-/minimatch-3.1.2.tgz",
            "integrity": "sha512-J7p63hRiAjw1NDEww1W7i37+ByIrOWO5XQQAzZ3VOcL0PNybwpfmV/N05zFAzwQ9USyEcX6t3UO+K5aqBQOIHw==",
            "dependencies": {
                "brace-expansion": "^1.1.7"
            },
            "engines": {
                "node": "*"
            }
        },
        "node_modules/nanoid": {
            "version": "3.3.7",
            "resolved": "https://registry.npmmirror.com/nanoid/-/nanoid-3.3.7.tgz",
            "integrity": "sha512-eSRppjcPIatRIMC1U6UngP8XFcz8MQWGQdt1MTBQ7NaAmvXDfvNxbvWV3x2y6CdEUciCSsDHDQZbhYaB8QEo2g==",
            "bin": {
                "nanoid": "bin/nanoid.cjs"
            },
            "engines": {
                "node": "^10 || ^12 || ^13.7 || ^14 || >=15.0.1"
            }
        },
        "node_modules/node-xlsx": {
            "version": "0.24.0",
            "resolved": "https://registry.npmmirror.com/node-xlsx/-/node-xlsx-0.24.0.tgz",
            "integrity": "sha512-1olwK48XK9nXZsyH/FCltvGrQYvXXZuxVitxXXv2GIuRm51aBi1+5KwR4rWM4KeO61sFU+00913WLZTD+AcXEg==",
            "dependencies": {
                "xlsx": "https://cdn.sheetjs.com/xlsx-0.20.2/xlsx-0.20.2.tgz"
            },
            "bin": {
                "node-xlsx": "dist/bin/cli.js"
            },
            "engines": {
                "node": ">=10.0.0"
            }
        },
        "node_modules/picocolors": {
            "version": "1.0.0",
            "resolved": "https://registry.npmmirror.com/picocolors/-/picocolors-1.0.0.tgz",
            "integrity": "sha512-1fygroTLlHu66zi26VoTDv8yRgm0Fccecssto+MhsZ0D/DGW2sm8E8AjW7NU5VVTRt5GxbeZ5qBuJr+HyLYkjQ=="
        },
        "node_modules/postcss": {
            "version": "8.4.38",
            "resolved": "https://registry.npmmirror.com/postcss/-/postcss-8.4.38.tgz",
            "integrity": "sha512-Wglpdk03BSfXkHoQa3b/oulrotAkwrlLDRSOb9D0bN86FdRyE9lppSp33aHNPgBa0JKCoB+drFLZkQoRRYae5A==",
            "dependencies": {
                "nanoid": "^3.3.7",
                "picocolors": "^1.0.0",
                "source-map-js": "^1.2.0"
            },
            "engines": {
                "node": "^10 || ^12 || >=14"
            }
        },
        "node_modules/source-map-js": {
            "version": "1.2.0",
            "resolved": "https://registry.npmmirror.com/source-map-js/-/source-map-js-1.2.0.tgz",
            "integrity": "sha512-itJW8lvSA0TXEphiRoawsCksnlf8SyvmFzIhltqAHluXd88pkCd+cXJVHTDwdCr0IzwptSm035IHQktUu1QUMg==",
            "engines": {
                "node": ">=0.10.0"
            }
        },
        "node_modules/supports-color": {
            "version": "7.2.0",
            "resolved": "https://registry.npmmirror.com/supports-color/-/supports-color-7.2.0.tgz",
            "integrity": "sha512-qpCAvRl9stuOHveKsn7HncJRvv501qIacKzQlO/+Lwxc9+0q2wLyv4Dfvt80/DPn2pqOBsJdDiogXGR9+OvwRw==",
            "dependencies": {
                "has-flag": "^4.0.0"
            },
            "engines": {
                "node": ">=8"
            }
        },
        "node_modules/typescript": {
            "version": "5.4.5",
            "resolved": "https://registry.npmmirror.com/typescript/-/typescript-5.4.5.tgz",
            "integrity": "sha512-vcI4UpRgg81oIRUFwR0WSIHKt11nJ7SAVlYNIu+QpqeyXP+gpQJy/Z4+F0aGxSE4MqwjyXvW/TzgkLAx2AGHwQ==",
            "bin": {
                "tsc": "bin/tsc",
                "tsserver": "bin/tsserver"
            },
            "engines": {
                "node": ">=14.17"
            }
        },
        "node_modules/undici-types": {
            "version": "5.26.5",
            "resolved": "https://registry.npmmirror.com/undici-types/-/undici-types-5.26.5.tgz",
            "integrity": "sha512-JlCMO+ehdEIKqlFxk6IfVoAUVmgz7cU7zD/h9XZ0qzeosSHmUJVOzSQvvYSYWXkFXC+IfLKSIffhv0sVZup6pA==",
            "dev": true
        },
        "node_modules/universalify": {
            "version": "2.0.1",
            "resolved": "https://registry.npmmirror.com/universalify/-/universalify-2.0.1.tgz",
            "integrity": "sha512-gptHNQghINnc/vTGIk0SOFGFNXw7JVrlRUtConJRlvaw6DuX0wO5Jeko9sWrMBhh+PsYAZ7oXAiOnf/UKogyiw==",
            "engines": {
                "node": ">= 10.0.0"
            }
        },
        "node_modules/vue": {
            "version": "3.4.27",
            "resolved": "https://registry.npmmirror.com/vue/-/vue-3.4.27.tgz",
            "integrity": "sha512-8s/56uK6r01r1icG/aEOHqyMVxd1bkYcSe9j8HcKtr/xTOFWvnzIVTehNW+5Yt89f+DLBe4A569pnZLS5HzAMA==",
            "dependencies": {
                "@vue/compiler-dom": "3.4.27",
                "@vue/compiler-sfc": "3.4.27",
                "@vue/runtime-dom": "3.4.27",
                "@vue/server-renderer": "3.4.27",
                "@vue/shared": "3.4.27"
            },
            "peerDependencies": {
                "typescript": "*"
            },
            "peerDependenciesMeta": {
                "typescript": {
                    "optional": true
                }
            }
        },
        "node_modules/xlsx": {
            "version": "0.20.2",
            "resolved": "https://cdn.sheetjs.com/xlsx-0.20.2/xlsx-0.20.2.tgz",
            "integrity": "sha512-+nKZ39+nvK7Qq6i0PvWWRA4j/EkfWOtkP/YhMtupm+lJIiHxUrgTr1CcKv1nBk1rHtkRRQ3O2+Ih/q/sA+FXZA==",
            "license": "Apache-2.0",
            "bin": {
                "xlsx": "bin/xlsx.njs"
            },
            "engines": {
                "node": ">=0.8"
            }
        }
    }
}
