lockfileVersion: '6.0'

settings:
  autoInstallPeers: true
  excludeLinksFromLockfile: false

dependencies:
  ejs:
    specifier: ^3.1.10
    version: 3.1.10
  fs-extra:
    specifier: ^10.0.0
    version: 10.1.0
  node-xlsx:
    specifier: ^0.24.0
    version: 0.24.0
  typescript:
    specifier: ^5.4.5
    version: 5.4.5
  vue:
    specifier: ^3.1.4
    version: 3.4.27(typescript@5.4.5)

devDependencies:
  '@cocos/creator-types':
    specifier: ^3.8.2
    version: 3.8.3
  '@types/ejs':
    specifier: ^3.1.5
    version: 3.1.5
  '@types/fs-extra':
    specifier: ^9.0.5
    version: 9.0.13
  '@types/node':
    specifier: ^18.17.1
    version: 18.19.32

packages:

  /@babel/helper-string-parser@7.24.1:
    resolution: {integrity: sha512-2ofRCjnnA9y+wk8b9IAREroeUP02KHp431N2mhKniy2yKIDKpbrHv9eXwm8cBeWQYcJmzv5qKCu65P47eCF7CQ==}
    engines: {node: '>=6.9.0'}
    dev: false

  /@babel/helper-validator-identifier@7.24.5:
    resolution: {integrity: sha512-3q93SSKX2TWCG30M2G2kwaKeTYgEUp5Snjuj8qm729SObL6nbtUldAi37qbxkD5gg3xnBio+f9nqpSepGZMvxA==}
    engines: {node: '>=6.9.0'}
    dev: false

  /@babel/parser@7.24.5:
    resolution: {integrity: sha512-EOv5IK8arwh3LI47dz1b0tKUb/1uhHAnHJOrjgtQMIpu1uXd9mlFrJg9IUgGUgZ41Ch0K8REPTYpO7B76b4vJg==}
    engines: {node: '>=6.0.0'}
    hasBin: true
    dependencies:
      '@babel/types': 7.24.5
    dev: false

  /@babel/types@7.24.5:
    resolution: {integrity: sha512-6mQNsaLeXTw0nxYUYu+NSa4Hx4BlF1x1x8/PMFbiR+GBSr+2DkECc69b8hgy2frEodNcvPffeH8YfWd3LI6jhQ==}
    engines: {node: '>=6.9.0'}
    dependencies:
      '@babel/helper-string-parser': 7.24.1
      '@babel/helper-validator-identifier': 7.24.5
      to-fast-properties: 2.0.0
    dev: false

  /@cocos/creator-types@3.8.3:
    resolution: {integrity: sha512-dVAgORX+dWzINdM6gGOcgFNbFXUItEv9Dg2DCWWPHN1qMHaqUe1h+hslcIsJK9OxgOcmS6Lh9FZcklfXn5jkOQ==}
    dev: true

  /@jridgewell/sourcemap-codec@1.4.15:
    resolution: {integrity: sha512-eF2rxCRulEKXHTRiDrDy6erMYWqNw4LPdQ8UQA4huuxaQsVeRPFl2oM8oDGxMFhJUWZf9McpLtJasDDZb/Bpeg==}
    dev: false

  /@types/ejs@3.1.5:
    resolution: {integrity: sha512-nv+GSx77ZtXiJzwKdsASqi+YQ5Z7vwHsTP0JY2SiQgjGckkBRKZnk8nIM+7oUZ1VCtuTz0+By4qVR7fqzp/Dfg==}
    dev: true

  /@types/fs-extra@9.0.13:
    resolution: {integrity: sha512-nEnwB++1u5lVDM2UI4c1+5R+FYaKfaAzS4OococimjVm3nQw3TuzH5UNsocrcTBbhnerblyHj4A49qXbIiZdpA==}
    dependencies:
      '@types/node': 18.19.32
    dev: true

  /@types/node@18.19.32:
    resolution: {integrity: sha512-2bkg93YBSDKk8DLmmHnmj/Rwr18TLx7/n+I23BigFwgexUJoMHZOd8X1OFxuF/W3NN0S2W2E5sVabI5CPinNvA==}
    dependencies:
      undici-types: 5.26.5
    dev: true

  /@vue/compiler-core@3.4.27:
    resolution: {integrity: sha512-E+RyqY24KnyDXsCuQrI+mlcdW3ALND6U7Gqa/+bVwbcpcR3BRRIckFoz7Qyd4TTlnugtwuI7YgjbvsLmxb+yvg==}
    dependencies:
      '@babel/parser': 7.24.5
      '@vue/shared': 3.4.27
      entities: 4.5.0
      estree-walker: 2.0.2
      source-map-js: 1.2.0
    dev: false

  /@vue/compiler-dom@3.4.27:
    resolution: {integrity: sha512-kUTvochG/oVgE1w5ViSr3KUBh9X7CWirebA3bezTbB5ZKBQZwR2Mwj9uoSKRMFcz4gSMzzLXBPD6KpCLb9nvWw==}
    dependencies:
      '@vue/compiler-core': 3.4.27
      '@vue/shared': 3.4.27
    dev: false

  /@vue/compiler-sfc@3.4.27:
    resolution: {integrity: sha512-nDwntUEADssW8e0rrmE0+OrONwmRlegDA1pD6QhVeXxjIytV03yDqTey9SBDiALsvAd5U4ZrEKbMyVXhX6mCGA==}
    dependencies:
      '@babel/parser': 7.24.5
      '@vue/compiler-core': 3.4.27
      '@vue/compiler-dom': 3.4.27
      '@vue/compiler-ssr': 3.4.27
      '@vue/shared': 3.4.27
      estree-walker: 2.0.2
      magic-string: 0.30.10
      postcss: 8.4.38
      source-map-js: 1.2.0
    dev: false

  /@vue/compiler-ssr@3.4.27:
    resolution: {integrity: sha512-CVRzSJIltzMG5FcidsW0jKNQnNRYC8bT21VegyMMtHmhW3UOI7knmUehzswXLrExDLE6lQCZdrhD4ogI7c+vuw==}
    dependencies:
      '@vue/compiler-dom': 3.4.27
      '@vue/shared': 3.4.27
    dev: false

  /@vue/reactivity@3.4.27:
    resolution: {integrity: sha512-kK0g4NknW6JX2yySLpsm2jlunZJl2/RJGZ0H9ddHdfBVHcNzxmQ0sS0b09ipmBoQpY8JM2KmUw+a6sO8Zo+zIA==}
    dependencies:
      '@vue/shared': 3.4.27
    dev: false

  /@vue/runtime-core@3.4.27:
    resolution: {integrity: sha512-7aYA9GEbOOdviqVvcuweTLe5Za4qBZkUY7SvET6vE8kyypxVgaT1ixHLg4urtOlrApdgcdgHoTZCUuTGap/5WA==}
    dependencies:
      '@vue/reactivity': 3.4.27
      '@vue/shared': 3.4.27
    dev: false

  /@vue/runtime-dom@3.4.27:
    resolution: {integrity: sha512-ScOmP70/3NPM+TW9hvVAz6VWWtZJqkbdf7w6ySsws+EsqtHvkhxaWLecrTorFxsawelM5Ys9FnDEMt6BPBDS0Q==}
    dependencies:
      '@vue/runtime-core': 3.4.27
      '@vue/shared': 3.4.27
      csstype: 3.1.3
    dev: false

  /@vue/server-renderer@3.4.27(vue@3.4.27):
    resolution: {integrity: sha512-dlAMEuvmeA3rJsOMJ2J1kXU7o7pOxgsNHVr9K8hB3ImIkSuBrIdy0vF66h8gf8Tuinf1TK3mPAz2+2sqyf3KzA==}
    peerDependencies:
      vue: 3.4.27
    dependencies:
      '@vue/compiler-ssr': 3.4.27
      '@vue/shared': 3.4.27
      vue: 3.4.27(typescript@5.4.5)
    dev: false

  /@vue/shared@3.4.27:
    resolution: {integrity: sha512-DL3NmY2OFlqmYYrzp39yi3LDkKxa5vZVwxWdQ3rG0ekuWscHraeIbnI8t+aZK7qhYqEqWKTUdijadunb9pnrgA==}
    dev: false

  /ansi-styles@4.3.0:
    resolution: {integrity: sha512-zbB9rCJAT1rbjiVDb2hqKFHNYLxgtk8NURxZ3IZwD3F6NtxbXZQCnnSi1Lkx+IDohdPlFp222wVALIheZJQSEg==}
    engines: {node: '>=8'}
    dependencies:
      color-convert: 2.0.1
    dev: false

  /async@3.2.5:
    resolution: {integrity: sha512-baNZyqaaLhyLVKm/DlvdW051MSgO6b8eVfIezl9E5PqWxFgzLm/wQntEW4zOytVburDEr0JlALEpdOFwvErLsg==}
    dev: false

  /balanced-match@1.0.2:
    resolution: {integrity: sha512-3oSeUO0TMV67hN1AmbXsK4yaqU7tjiHlbxRDZOpH0KW9+CeX4bRAaX0Anxt0tx2MrpRpWwQaPwIlISEJhYU5Pw==}
    dev: false

  /brace-expansion@1.1.11:
    resolution: {integrity: sha512-iCuPHDFgrHX7H2vEI/5xpz07zSHB00TpugqhmYtVmMO6518mCuRMoOYFldEBl0g187ufozdaHgWKcYFb61qGiA==}
    dependencies:
      balanced-match: 1.0.2
      concat-map: 0.0.1
    dev: false

  /brace-expansion@2.0.1:
    resolution: {integrity: sha512-XnAIvQ8eM+kC6aULx6wuQiwVsnzsi9d3WxzV3FpWTGA19F621kwdbsAcFKXgKUHZWsy+mY6iL1sHTxWEFCytDA==}
    dependencies:
      balanced-match: 1.0.2
    dev: false

  /chalk@4.1.2:
    resolution: {integrity: sha512-oKnbhFyRIXpUuez8iBMmyEa4nbj4IOQyuhc/wy9kY7/WVPcwIO9VA668Pu8RkO7+0G76SLROeyw9CpQ061i4mA==}
    engines: {node: '>=10'}
    dependencies:
      ansi-styles: 4.3.0
      supports-color: 7.2.0
    dev: false

  /color-convert@2.0.1:
    resolution: {integrity: sha512-RRECPsj7iu/xb5oKYcsFHSppFNnsj/52OVTRKb4zP5onXwVF3zVmmToNcOfGC+CRDpfK/U584fMg38ZHCaElKQ==}
    engines: {node: '>=7.0.0'}
    dependencies:
      color-name: 1.1.4
    dev: false

  /color-name@1.1.4:
    resolution: {integrity: sha512-dOy+3AuW3a2wNbZHIuMZpTcgjGuLU/uBL/ubcZF9OXbDo8ff4O8yVp5Bf0efS8uEoYo5q4Fx7dY9OgQGXgAsQA==}
    dev: false

  /concat-map@0.0.1:
    resolution: {integrity: sha512-/Srv4dswyQNBfohGpz9o6Yb3Gz3SrUDqBH5rTuhGR7ahtlbYKnVxw2bCFMRljaA7EXHaXZ8wsHdodFvbkhKmqg==}
    dev: false

  /csstype@3.1.3:
    resolution: {integrity: sha512-M1uQkMl8rQK/szD0LNhtqxIPLpimGm8sOBwU7lLnCpSbTyY3yeU1Vc7l4KT5zT4s/yOxHH5O7tIuuLOCnLADRw==}
    dev: false

  /ejs@3.1.10:
    resolution: {integrity: sha512-UeJmFfOrAQS8OJWPZ4qtgHyWExa088/MtK5UEyoJGFH67cDEXkZSviOiKRCZ4Xij0zxI3JECgYs3oKx+AizQBA==}
    engines: {node: '>=0.10.0'}
    hasBin: true
    dependencies:
      jake: 10.9.1
    dev: false

  /entities@4.5.0:
    resolution: {integrity: sha512-V0hjH4dGPh9Ao5p0MoRY6BVqtwCjhz6vI5LT8AJ55H+4g9/4vbHx1I54fS0XuclLhDHArPQCiMjDxjaL8fPxhw==}
    engines: {node: '>=0.12'}
    dev: false

  /estree-walker@2.0.2:
    resolution: {integrity: sha512-Rfkk/Mp/DL7JVje3u18FxFujQlTNR2q6QfMSMB7AvCBx91NGj/ba3kCfza0f6dVDbw7YlRf/nDrn7pQrCCyQ/w==}
    dev: false

  /filelist@1.0.4:
    resolution: {integrity: sha512-w1cEuf3S+DrLCQL7ET6kz+gmlJdbq9J7yXCSjK/OZCPA+qEN1WyF4ZAf0YYJa4/shHJra2t/d/r8SV4Ji+x+8Q==}
    dependencies:
      minimatch: 5.1.6
    dev: false

  /fs-extra@10.1.0:
    resolution: {integrity: sha512-oRXApq54ETRj4eMiFzGnHWGy+zo5raudjuxN0b8H7s/RU2oW0Wvsx9O0ACRN/kRq9E8Vu/ReskGB5o3ji+FzHQ==}
    engines: {node: '>=12'}
    dependencies:
      graceful-fs: 4.2.11
      jsonfile: 6.1.0
      universalify: 2.0.1
    dev: false

  /graceful-fs@4.2.11:
    resolution: {integrity: sha512-RbJ5/jmFcNNCcDV5o9eTnBLJ/HszWV0P73bc+Ff4nS/rJj+YaS6IGyiOL0VoBYX+l1Wrl3k63h/KrH+nhJ0XvQ==}
    dev: false

  /has-flag@4.0.0:
    resolution: {integrity: sha512-EykJT/Q1KjTWctppgIAgfSO0tKVuZUjhgMr17kqTumMl6Afv3EISleU7qZUzoXDFTAHTDC4NOoG/ZxU3EvlMPQ==}
    engines: {node: '>=8'}
    dev: false

  /jake@10.9.1:
    resolution: {integrity: sha512-61btcOHNnLnsOdtLgA5efqQWjnSi/vow5HbI7HMdKKWqvrKR1bLK3BPlJn9gcSaP2ewuamUSMB5XEy76KUIS2w==}
    engines: {node: '>=10'}
    hasBin: true
    dependencies:
      async: 3.2.5
      chalk: 4.1.2
      filelist: 1.0.4
      minimatch: 3.1.2
    dev: false

  /jsonfile@6.1.0:
    resolution: {integrity: sha512-5dgndWOriYSm5cnYaJNhalLNDKOqFwyDB/rr1E9ZsGciGvKPs8R2xYGCacuf3z6K1YKDz182fd+fY3cn3pMqXQ==}
    dependencies:
      universalify: 2.0.1
    optionalDependencies:
      graceful-fs: 4.2.11
    dev: false

  /magic-string@0.30.10:
    resolution: {integrity: sha512-iIRwTIf0QKV3UAnYK4PU8uiEc4SRh5jX0mwpIwETPpHdhVM4f53RSwS/vXvN1JhGX+Cs7B8qIq3d6AH49O5fAQ==}
    dependencies:
      '@jridgewell/sourcemap-codec': 1.4.15
    dev: false

  /minimatch@3.1.2:
    resolution: {integrity: sha512-J7p63hRiAjw1NDEww1W7i37+ByIrOWO5XQQAzZ3VOcL0PNybwpfmV/N05zFAzwQ9USyEcX6t3UO+K5aqBQOIHw==}
    dependencies:
      brace-expansion: 1.1.11
    dev: false

  /minimatch@5.1.6:
    resolution: {integrity: sha512-lKwV/1brpG6mBUFHtb7NUmtABCb2WZZmm2wNiOA5hAb8VdCS4B3dtMWyvcoViccwAW/COERjXLt0zP1zXUN26g==}
    engines: {node: '>=10'}
    dependencies:
      brace-expansion: 2.0.1
    dev: false

  /nanoid@3.3.7:
    resolution: {integrity: sha512-eSRppjcPIatRIMC1U6UngP8XFcz8MQWGQdt1MTBQ7NaAmvXDfvNxbvWV3x2y6CdEUciCSsDHDQZbhYaB8QEo2g==}
    engines: {node: ^10 || ^12 || ^13.7 || ^14 || >=15.0.1}
    hasBin: true
    dev: false

  /node-xlsx@0.24.0:
    resolution: {integrity: sha512-1olwK48XK9nXZsyH/FCltvGrQYvXXZuxVitxXXv2GIuRm51aBi1+5KwR4rWM4KeO61sFU+00913WLZTD+AcXEg==}
    engines: {node: '>=10.0.0'}
    hasBin: true
    dependencies:
      xlsx: '@cdn.sheetjs.com/xlsx-0.20.2/xlsx-0.20.2.tgz'
    dev: false

  /picocolors@1.0.0:
    resolution: {integrity: sha512-1fygroTLlHu66zi26VoTDv8yRgm0Fccecssto+MhsZ0D/DGW2sm8E8AjW7NU5VVTRt5GxbeZ5qBuJr+HyLYkjQ==}
    dev: false

  /postcss@8.4.38:
    resolution: {integrity: sha512-Wglpdk03BSfXkHoQa3b/oulrotAkwrlLDRSOb9D0bN86FdRyE9lppSp33aHNPgBa0JKCoB+drFLZkQoRRYae5A==}
    engines: {node: ^10 || ^12 || >=14}
    dependencies:
      nanoid: 3.3.7
      picocolors: 1.0.0
      source-map-js: 1.2.0
    dev: false

  /source-map-js@1.2.0:
    resolution: {integrity: sha512-itJW8lvSA0TXEphiRoawsCksnlf8SyvmFzIhltqAHluXd88pkCd+cXJVHTDwdCr0IzwptSm035IHQktUu1QUMg==}
    engines: {node: '>=0.10.0'}
    dev: false

  /supports-color@7.2.0:
    resolution: {integrity: sha512-qpCAvRl9stuOHveKsn7HncJRvv501qIacKzQlO/+Lwxc9+0q2wLyv4Dfvt80/DPn2pqOBsJdDiogXGR9+OvwRw==}
    engines: {node: '>=8'}
    dependencies:
      has-flag: 4.0.0
    dev: false

  /to-fast-properties@2.0.0:
    resolution: {integrity: sha512-/OaKK0xYrs3DmxRYqL/yDc+FxFUVYhDlXMhRmv3z915w2HF1tnN1omB354j8VUGO/hbRzyD6Y3sA7v7GS/ceog==}
    engines: {node: '>=4'}
    dev: false

  /typescript@5.4.5:
    resolution: {integrity: sha512-vcI4UpRgg81oIRUFwR0WSIHKt11nJ7SAVlYNIu+QpqeyXP+gpQJy/Z4+F0aGxSE4MqwjyXvW/TzgkLAx2AGHwQ==}
    engines: {node: '>=14.17'}
    hasBin: true
    dev: false

  /undici-types@5.26.5:
    resolution: {integrity: sha512-JlCMO+ehdEIKqlFxk6IfVoAUVmgz7cU7zD/h9XZ0qzeosSHmUJVOzSQvvYSYWXkFXC+IfLKSIffhv0sVZup6pA==}
    dev: true

  /universalify@2.0.1:
    resolution: {integrity: sha512-gptHNQghINnc/vTGIk0SOFGFNXw7JVrlRUtConJRlvaw6DuX0wO5Jeko9sWrMBhh+PsYAZ7oXAiOnf/UKogyiw==}
    engines: {node: '>= 10.0.0'}
    dev: false

  /vue@3.4.27(typescript@5.4.5):
    resolution: {integrity: sha512-8s/56uK6r01r1icG/aEOHqyMVxd1bkYcSe9j8HcKtr/xTOFWvnzIVTehNW+5Yt89f+DLBe4A569pnZLS5HzAMA==}
    peerDependencies:
      typescript: '*'
    peerDependenciesMeta:
      typescript:
        optional: true
    dependencies:
      '@vue/compiler-dom': 3.4.27
      '@vue/compiler-sfc': 3.4.27
      '@vue/runtime-dom': 3.4.27
      '@vue/server-renderer': 3.4.27(vue@3.4.27)
      '@vue/shared': 3.4.27
      typescript: 5.4.5
    dev: false

  '@cdn.sheetjs.com/xlsx-0.20.2/xlsx-0.20.2.tgz':
    resolution: {tarball: https://cdn.sheetjs.com/xlsx-0.20.2/xlsx-0.20.2.tgz}
    name: xlsx
    version: 0.20.2
    engines: {node: '>=0.8'}
    hasBin: true
    dev: false
